# This file is automatically @generated by Cargo.
# It is not intended for manual editing.
[[package]]
name = "modulo"
version = "0.1.2"
source = "registry+https://github.com/rust-lang/crates.io-index"
checksum = "53db447cac1df8402bef9a2ccacb0ea0dd1061b935e9e9ab9e5082c516aaada8"

[[package]]
name = "pad"
version = "0.1.6"
source = "registry+https://github.com/rust-lang/crates.io-index"
checksum = "d2ad9b889f1b12e0b9ee24db044b5129150d5eada288edc800f789928dc8c0e3"
dependencies = [
 "unicode-width",
]

[[package]]
name = "tetra_project"
version = "0.1.0"
dependencies = [
 "modulo",
 "pad",
]

[[package]]
name = "unicode-width"
version = "0.1.8"
source = "registry+https://github.com/rust-lang/crates.io-index"
checksum = "9337591893a19b88d8d87f2cec1e73fad5cdfd10e5a6f349f498ad6ea2ffb1e3"
